
Microsoft Visual Studio Solution File, Format Version 12.00
# Visual Studio Version 16
VisualStudioVersion = 16.0.33927.289
MinimumVisualStudioVersion = 10.0.40219.1
Project("{2150E333-8FDC-42A3-9474-1A3956D46DE8}") = "Task0", "Task0", "{369DD3B5-E133-4E9D-BB92-033E7D41AEA6}"
EndProject
Project("{FAE04EC0-301F-11D3-BF4B-00C04F79EFBC}") = "Tyuiu.MeshcheryakovPV.Sprint1.Task0.V27", "Tyuiu.MeshcheryakovPV.Sprint1.Task0.V27\Tyuiu.MeshcheryakovPV.Sprint1.Task0.V27.csproj", "{0102C1DC-B620-483F-A8AC-04862ECCE88B}"
EndProject
Project("{FAE04EC0-301F-11D3-BF4B-00C04F79EFBC}") = "Tyuiu.MeshcheryakovPV.Sprint1.Task0.V27.Lib", "Tyuiu.MeshcheryakovPV.Sprint1.Task0.V27.Lib\Tyuiu.MeshcheryakovPV.Sprint1.Task0.V27.Lib.csproj", "{8288946A-850D-48D2-80F7-66BCE8DEB418}"
EndProject
Project("{FAE04EC0-301F-11D3-BF4B-00C04F79EFBC}") = "Tyuiu.MeshcheryakovPV.Sprint1.Task0.V27.Test", "Tyuiu.MeshcheryakovPV.Sprint1.Task0.V27.Test\Tyuiu.MeshcheryakovPV.Sprint1.Task0.V27.Test.csproj", "{C93AB9E8-B8F4-4966-A66C-7C61F01C251A}"
EndProject
Project("{2150E333-8FDC-42A3-9474-1A3956D46DE8}") = "Task1", "Task1", "{E5BD2DD1-FF72-425A-8785-889D3DB5A9A7}"
EndProject
Project("{FAE04EC0-301F-11D3-BF4B-00C04F79EFBC}") = "Tyuiu.MeshcheryakovPV.Sprint2.Task1.V6", "Tyuiu.MeshcheryakovPV.Sprint2.Task1.V6\Tyuiu.MeshcheryakovPV.Sprint2.Task1.V6.csproj", "{5007CCDD-4891-4FFF-9FE3-5F4DF176C08C}"
EndProject
Project("{FAE04EC0-301F-11D3-BF4B-00C04F79EFBC}") = "Tyuiu.MeshcheryakovPV.Sprint2.Task1.V6.Lib", "Tyuiu.MeshcheryakovPV.Sprint2.Task1.V6.Lib\Tyuiu.MeshcheryakovPV.Sprint2.Task1.V6.Lib.csproj", "{D04309B9-6954-492B-BA2C-D36D7CCED5CC}"
EndProject
Project("{FAE04EC0-301F-11D3-BF4B-00C04F79EFBC}") = "Tyuiu.MeshcheryakovPV.Sprint2.Task1.V6.Test", "Tyuiu.MeshcheryakovPV.Sprint2.Task1.V6.Test\Tyuiu.MeshcheryakovPV.Sprint2.Task1.V6.Test.csproj", "{31396984-45C1-4E36-B26C-8C7A25C67376}"
EndProject
Global
	GlobalSection(SolutionConfigurationPlatforms) = preSolution
		Debug|Any CPU = Debug|Any CPU
		Release|Any CPU = Release|Any CPU
	EndGlobalSection
	GlobalSection(ProjectConfigurationPlatforms) = postSolution
		{0102C1DC-B620-483F-A8AC-04862ECCE88B}.Debug|Any CPU.ActiveCfg = Debug|Any CPU
		{0102C1DC-B620-483F-A8AC-04862ECCE88B}.Debug|Any CPU.Build.0 = Debug|Any CPU
		{0102C1DC-B620-483F-A8AC-04862ECCE88B}.Release|Any CPU.ActiveCfg = Release|Any CPU
		{0102C1DC-B620-483F-A8AC-04862ECCE88B}.Release|Any CPU.Build.0 = Release|Any CPU
		{8288946A-850D-48D2-80F7-66BCE8DEB418}.Debug|Any CPU.ActiveCfg = Debug|Any CPU
		{8288946A-850D-48D2-80F7-66BCE8DEB418}.Debug|Any CPU.Build.0 = Debug|Any CPU
		{8288946A-850D-48D2-80F7-66BCE8DEB418}.Release|Any CPU.ActiveCfg = Release|Any CPU
		{8288946A-850D-48D2-80F7-66BCE8DEB418}.Release|Any CPU.Build.0 = Release|Any CPU
		{C93AB9E8-B8F4-4966-A66C-7C61F01C251A}.Debug|Any CPU.ActiveCfg = Debug|Any CPU
		{C93AB9E8-B8F4-4966-A66C-7C61F01C251A}.Debug|Any CPU.Build.0 = Debug|Any CPU
		{C93AB9E8-B8F4-4966-A66C-7C61F01C251A}.Release|Any CPU.ActiveCfg = Release|Any CPU
		{C93AB9E8-B8F4-4966-A66C-7C61F01C251A}.Release|Any CPU.Build.0 = Release|Any CPU
		{5007CCDD-4891-4FFF-9FE3-5F4DF176C08C}.Debug|Any CPU.ActiveCfg = Debug|Any CPU
		{5007CCDD-4891-4FFF-9FE3-5F4DF176C08C}.Debug|Any CPU.Build.0 = Debug|Any CPU
		{5007CCDD-4891-4FFF-9FE3-5F4DF176C08C}.Release|Any CPU.ActiveCfg = Release|Any CPU
		{5007CCDD-4891-4FFF-9FE3-5F4DF176C08C}.Release|Any CPU.Build.0 = Release|Any CPU
		{D04309B9-6954-492B-BA2C-D36D7CCED5CC}.Debug|Any CPU.ActiveCfg = Debug|Any CPU
		{D04309B9-6954-492B-BA2C-D36D7CCED5CC}.Debug|Any CPU.Build.0 = Debug|Any CPU
		{D04309B9-6954-492B-BA2C-D36D7CCED5CC}.Release|Any CPU.ActiveCfg = Release|Any CPU
		{D04309B9-6954-492B-BA2C-D36D7CCED5CC}.Release|Any CPU.Build.0 = Release|Any CPU
		{31396984-45C1-4E36-B26C-8C7A25C67376}.Debug|Any CPU.ActiveCfg = Debug|Any CPU
		{31396984-45C1-4E36-B26C-8C7A25C67376}.Debug|Any CPU.Build.0 = Debug|Any CPU
		{31396984-45C1-4E36-B26C-8C7A25C67376}.Release|Any CPU.ActiveCfg = Release|Any CPU
		{31396984-45C1-4E36-B26C-8C7A25C67376}.Release|Any CPU.Build.0 = Release|Any CPU
	EndGlobalSection
	GlobalSection(SolutionProperties) = preSolution
		HideSolutionNode = FALSE
	EndGlobalSection
	GlobalSection(NestedProjects) = preSolution
		{0102C1DC-B620-483F-A8AC-04862ECCE88B} = {369DD3B5-E133-4E9D-BB92-033E7D41AEA6}
		{8288946A-850D-48D2-80F7-66BCE8DEB418} = {369DD3B5-E133-4E9D-BB92-033E7D41AEA6}
		{C93AB9E8-B8F4-4966-A66C-7C61F01C251A} = {369DD3B5-E133-4E9D-BB92-033E7D41AEA6}
		{5007CCDD-4891-4FFF-9FE3-5F4DF176C08C} = {E5BD2DD1-FF72-425A-8785-889D3DB5A9A7}
		{D04309B9-6954-492B-BA2C-D36D7CCED5CC} = {E5BD2DD1-FF72-425A-8785-889D3DB5A9A7}
		{31396984-45C1-4E36-B26C-8C7A25C67376} = {E5BD2DD1-FF72-425A-8785-889D3DB5A9A7}
	EndGlobalSection
	GlobalSection(ExtensibilityGlobals) = postSolution
		SolutionGuid = {B4C59040-3BC2-482F-BA4D-8A6820F901DC}
	EndGlobalSection
EndGlobal
