
Microsoft Visual Studio Solution File, Format Version 12.00
# Visual Studio Version 16
VisualStudioVersion = 16.0.33927.289
MinimumVisualStudioVersion = 10.0.40219.1
Project("{2150E333-8FDC-42A3-9474-1A3956D46DE8}") = "Task0", "Task0", "{369DD3B5-E133-4E9D-BB92-033E7D41AEA6}"
EndProject
Project("{FAE04EC0-301F-11D3-BF4B-00C04F79EFBC}") = "Tyuiu.MeshcheryakovPV.Sprint1.Task0.V27", "Tyuiu.MeshcheryakovPV.Sprint1.Task0.V27\Tyuiu.MeshcheryakovPV.Sprint1.Task0.V27.csproj", "{0102C1DC-B620-483F-A8AC-04862ECCE88B}"
EndProject
Project("{FAE04EC0-301F-11D3-BF4B-00C04F79EFBC}") = "Tyuiu.MeshcheryakovPV.Sprint1.Task0.V27.Lib", "Tyuiu.MeshcheryakovPV.Sprint1.Task0.V27.Lib\Tyuiu.MeshcheryakovPV.Sprint1.Task0.V27.Lib.csproj", "{8288946A-850D-48D2-80F7-66BCE8DEB418}"
EndProject
Project("{FAE04EC0-301F-11D3-BF4B-00C04F79EFBC}") = "Tyuiu.MeshcheryakovPV.Sprint1.Task0.V27.Test", "Tyuiu.MeshcheryakovPV.Sprint1.Task0.V27.Test\Tyuiu.MeshcheryakovPV.Sprint1.Task0.V27.Test.csproj", "{C93AB9E8-B8F4-4966-A66C-7C61F01C251A}"
EndProject
Project("{2150E333-8FDC-42A3-9474-1A3956D46DE8}") = "Task1", "Task1", "{E5BD2DD1-FF72-425A-8785-889D3DB5A9A7}"
EndProject
Project("{FAE04EC0-301F-11D3-BF4B-00C04F79EFBC}") = "Tyuiu.MeshcheryakovPV.Sprint2.Task1.V6", "Tyuiu.MeshcheryakovPV.Sprint2.Task1.V6\Tyuiu.MeshcheryakovPV.Sprint2.Task1.V6.csproj", "{5007CCDD-4891-4FFF-9FE3-5F4DF176C08C}"
EndProject
Project("{FAE04EC0-301F-11D3-BF4B-00C04F79EFBC}") = "Tyuiu.MeshcheryakovPV.Sprint2.Task1.V6.Lib", "Tyuiu.MeshcheryakovPV.Sprint2.Task1.V6.Lib\Tyuiu.MeshcheryakovPV.Sprint2.Task1.V6.Lib.csproj", "{D04309B9-6954-492B-BA2C-D36D7CCED5CC}"
EndProject
Project("{FAE04EC0-301F-11D3-BF4B-00C04F79EFBC}") = "Tyuiu.MeshcheryakovPV.Sprint2.Task1.V6.Test", "Tyuiu.MeshcheryakovPV.Sprint2.Task1.V6.Test\Tyuiu.MeshcheryakovPV.Sprint2.Task1.V6.Test.csproj", "{31396984-45C1-4E36-B26C-8C7A25C67376}"
EndProject
Project("{2150E333-8FDC-42A3-9474-1A3956D46DE8}") = "Task2", "Task2", "{57F4E728-72E9-43A2-A356-A6887620C916}"
EndProject
Project("{FAE04EC0-301F-11D3-BF4B-00C04F79EFBC}") = "Tyuiu.MeshcheryakovPV.Sprint2.Task2.V30", "Tyuiu.MeshcheryakovPV.Sprint2.Task2.V30\Tyuiu.MeshcheryakovPV.Sprint2.Task2.V30.csproj", "{A19609AE-2C06-4A9E-845C-DD6B154C3979}"
EndProject
Project("{FAE04EC0-301F-11D3-BF4B-00C04F79EFBC}") = "Tyuiu.MeshcheryakovPV.Sprint2.Task2.V30.Lib", "Tyuiu.MeshcheryakovPV.Sprint2.Task2.V30.Lib\Tyuiu.MeshcheryakovPV.Sprint2.Task2.V30.Lib.csproj", "{CA2A881F-1530-448D-8301-7A4F4D5AB625}"
EndProject
Project("{FAE04EC0-301F-11D3-BF4B-00C04F79EFBC}") = "Tyuiu.MeshcheryakovPV.Sprint2.Task2.V30.Test", "Tyuiu.MeshcheryakovPV.Sprint2.Task2.V30.Test\Tyuiu.MeshcheryakovPV.Sprint2.Task2.V30.Test.csproj", "{3DBD2D29-17F1-45E2-B68D-A2AC56A4A4BC}"
EndProject
Project("{2150E333-8FDC-42A3-9474-1A3956D46DE8}") = "Task3", "Task3", "{C1D5621B-9E63-4C8B-A012-051E8D14E70F}"
EndProject
Project("{FAE04EC0-301F-11D3-BF4B-00C04F79EFBC}") = "Tyuiu.MeshcheryakovPV.Sprint2.Task3.V16", "Tyuiu.MeshcheryakovPV.Sprint2.Task3.V16\Tyuiu.MeshcheryakovPV.Sprint2.Task3.V16.csproj", "{577DDBCA-2CDD-457A-82F3-EC7AE4D0E13C}"
EndProject
Project("{FAE04EC0-301F-11D3-BF4B-00C04F79EFBC}") = "Tyuiu.MeshcheryakovPV.Sprint2.Task3.V16.Lib", "Tyuiu.MeshcheryakovPV.Sprint2.Task3.V16.Lib\Tyuiu.MeshcheryakovPV.Sprint2.Task3.V16.Lib.csproj", "{474BA835-2AA2-41DA-9E4E-3767D4734D28}"
EndProject
Project("{FAE04EC0-301F-11D3-BF4B-00C04F79EFBC}") = "Tyuiu.MeshcheryakovPV.Sprint2.Task3.V16.Test", "Tyuiu.MeshcheryakovPV.Sprint2.Task3.V16.Test\Tyuiu.MeshcheryakovPV.Sprint2.Task3.V16.Test.csproj", "{45C4B18B-02A9-4BC7-A286-AD366EF20CFC}"
EndProject
Project("{2150E333-8FDC-42A3-9474-1A3956D46DE8}") = "Task4", "Task4", "{6F311FDB-8B93-4DD4-B761-8C9CCDFDEDEF}"
EndProject
Project("{FAE04EC0-301F-11D3-BF4B-00C04F79EFBC}") = "Tyuiu.MeshcheryakovPV.Sprint2.Task4.V11", "Tyuiu.MeshcheryakovPV.Sprint2.Task4.V11\Tyuiu.MeshcheryakovPV.Sprint2.Task4.V11.csproj", "{C9C784E8-D4A4-495A-9DED-16B683F0D4F1}"
EndProject
Project("{FAE04EC0-301F-11D3-BF4B-00C04F79EFBC}") = "Tyuiu.MeshcheryakovPV.Sprint2.Task4.V11.Lib", "Tyuiu.MeshcheryakovPV.Sprint2.Task4.V11.Lib\Tyuiu.MeshcheryakovPV.Sprint2.Task4.V11.Lib.csproj", "{C26EEC18-1C7F-4CE7-9D59-3D9A1DB06E7B}"
EndProject
Project("{FAE04EC0-301F-11D3-BF4B-00C04F79EFBC}") = "Tyuiu.MeshcheryakovPV.Sprint2.Task4.V11.Test", "Tyuiu.MeshcheryakovPV.Sprint2.Task4.V11.Test\Tyuiu.MeshcheryakovPV.Sprint2.Task4.V11.Test.csproj", "{20F143A3-22E1-4722-B8FD-A2C42E336709}"
EndProject
Project("{2150E333-8FDC-42A3-9474-1A3956D46DE8}") = "Task5", "Task5", "{888CD83E-FC89-461D-A9AA-23EDBA868518}"
EndProject
Project("{FAE04EC0-301F-11D3-BF4B-00C04F79EFBC}") = "Tyuiu.MeshcheryakovPV.Sprint2.Task5.V8", "Tyuiu.MeshcheryakovPV.Sprint2.Task5.V8\Tyuiu.MeshcheryakovPV.Sprint2.Task5.V8.csproj", "{88C4F522-D4BB-4572-83E9-3BE29BF0346B}"
EndProject
Project("{FAE04EC0-301F-11D3-BF4B-00C04F79EFBC}") = "Tyuiu.MeshcheryakovPV.Sprint2.Task5.V8.Lib", "Tyuiu.MeshcheryakovPV.Sprint2.Task5.V8.Lib\Tyuiu.MeshcheryakovPV.Sprint2.Task5.V8.Lib.csproj", "{88AD081A-C736-4095-AB42-ECABFCB7C4ED}"
EndProject
Project("{FAE04EC0-301F-11D3-BF4B-00C04F79EFBC}") = "Tyuiu.MeshcheryakovPV.Sprint2.Task5.V8.Test", "Tyuiu.MeshcheryakovPV.Sprint2.Task5.V8.Test\Tyuiu.MeshcheryakovPV.Sprint2.Task5.V8.Test.csproj", "{FA95A624-2222-48C0-AAC9-DD8FBFE114AE}"
EndProject
Global
	GlobalSection(SolutionConfigurationPlatforms) = preSolution
		Debug|Any CPU = Debug|Any CPU
		Release|Any CPU = Release|Any CPU
	EndGlobalSection
	GlobalSection(ProjectConfigurationPlatforms) = postSolution
		{0102C1DC-B620-483F-A8AC-04862ECCE88B}.Debug|Any CPU.ActiveCfg = Debug|Any CPU
		{0102C1DC-B620-483F-A8AC-04862ECCE88B}.Debug|Any CPU.Build.0 = Debug|Any CPU
		{0102C1DC-B620-483F-A8AC-04862ECCE88B}.Release|Any CPU.ActiveCfg = Release|Any CPU
		{0102C1DC-B620-483F-A8AC-04862ECCE88B}.Release|Any CPU.Build.0 = Release|Any CPU
		{8288946A-850D-48D2-80F7-66BCE8DEB418}.Debug|Any CPU.ActiveCfg = Debug|Any CPU
		{8288946A-850D-48D2-80F7-66BCE8DEB418}.Debug|Any CPU.Build.0 = Debug|Any CPU
		{8288946A-850D-48D2-80F7-66BCE8DEB418}.Release|Any CPU.ActiveCfg = Release|Any CPU
		{8288946A-850D-48D2-80F7-66BCE8DEB418}.Release|Any CPU.Build.0 = Release|Any CPU
		{C93AB9E8-B8F4-4966-A66C-7C61F01C251A}.Debug|Any CPU.ActiveCfg = Debug|Any CPU
		{C93AB9E8-B8F4-4966-A66C-7C61F01C251A}.Debug|Any CPU.Build.0 = Debug|Any CPU
		{C93AB9E8-B8F4-4966-A66C-7C61F01C251A}.Release|Any CPU.ActiveCfg = Release|Any CPU
		{C93AB9E8-B8F4-4966-A66C-7C61F01C251A}.Release|Any CPU.Build.0 = Release|Any CPU
		{5007CCDD-4891-4FFF-9FE3-5F4DF176C08C}.Debug|Any CPU.ActiveCfg = Debug|Any CPU
		{5007CCDD-4891-4FFF-9FE3-5F4DF176C08C}.Debug|Any CPU.Build.0 = Debug|Any CPU
		{5007CCDD-4891-4FFF-9FE3-5F4DF176C08C}.Release|Any CPU.ActiveCfg = Release|Any CPU
		{5007CCDD-4891-4FFF-9FE3-5F4DF176C08C}.Release|Any CPU.Build.0 = Release|Any CPU
		{D04309B9-6954-492B-BA2C-D36D7CCED5CC}.Debug|Any CPU.ActiveCfg = Debug|Any CPU
		{D04309B9-6954-492B-BA2C-D36D7CCED5CC}.Debug|Any CPU.Build.0 = Debug|Any CPU
		{D04309B9-6954-492B-BA2C-D36D7CCED5CC}.Release|Any CPU.ActiveCfg = Release|Any CPU
		{D04309B9-6954-492B-BA2C-D36D7CCED5CC}.Release|Any CPU.Build.0 = Release|Any CPU
		{31396984-45C1-4E36-B26C-8C7A25C67376}.Debug|Any CPU.ActiveCfg = Debug|Any CPU
		{31396984-45C1-4E36-B26C-8C7A25C67376}.Debug|Any CPU.Build.0 = Debug|Any CPU
		{31396984-45C1-4E36-B26C-8C7A25C67376}.Release|Any CPU.ActiveCfg = Release|Any CPU
		{31396984-45C1-4E36-B26C-8C7A25C67376}.Release|Any CPU.Build.0 = Release|Any CPU
		{A19609AE-2C06-4A9E-845C-DD6B154C3979}.Debug|Any CPU.ActiveCfg = Debug|Any CPU
		{A19609AE-2C06-4A9E-845C-DD6B154C3979}.Debug|Any CPU.Build.0 = Debug|Any CPU
		{A19609AE-2C06-4A9E-845C-DD6B154C3979}.Release|Any CPU.ActiveCfg = Release|Any CPU
		{A19609AE-2C06-4A9E-845C-DD6B154C3979}.Release|Any CPU.Build.0 = Release|Any CPU
		{CA2A881F-1530-448D-8301-7A4F4D5AB625}.Debug|Any CPU.ActiveCfg = Debug|Any CPU
		{CA2A881F-1530-448D-8301-7A4F4D5AB625}.Debug|Any CPU.Build.0 = Debug|Any CPU
		{CA2A881F-1530-448D-8301-7A4F4D5AB625}.Release|Any CPU.ActiveCfg = Release|Any CPU
		{CA2A881F-1530-448D-8301-7A4F4D5AB625}.Release|Any CPU.Build.0 = Release|Any CPU
		{3DBD2D29-17F1-45E2-B68D-A2AC56A4A4BC}.Debug|Any CPU.ActiveCfg = Debug|Any CPU
		{3DBD2D29-17F1-45E2-B68D-A2AC56A4A4BC}.Debug|Any CPU.Build.0 = Debug|Any CPU
		{3DBD2D29-17F1-45E2-B68D-A2AC56A4A4BC}.Release|Any CPU.ActiveCfg = Release|Any CPU
		{3DBD2D29-17F1-45E2-B68D-A2AC56A4A4BC}.Release|Any CPU.Build.0 = Release|Any CPU
		{577DDBCA-2CDD-457A-82F3-EC7AE4D0E13C}.Debug|Any CPU.ActiveCfg = Debug|Any CPU
		{577DDBCA-2CDD-457A-82F3-EC7AE4D0E13C}.Debug|Any CPU.Build.0 = Debug|Any CPU
		{577DDBCA-2CDD-457A-82F3-EC7AE4D0E13C}.Release|Any CPU.ActiveCfg = Release|Any CPU
		{577DDBCA-2CDD-457A-82F3-EC7AE4D0E13C}.Release|Any CPU.Build.0 = Release|Any CPU
		{474BA835-2AA2-41DA-9E4E-3767D4734D28}.Debug|Any CPU.ActiveCfg = Debug|Any CPU
		{474BA835-2AA2-41DA-9E4E-3767D4734D28}.Debug|Any CPU.Build.0 = Debug|Any CPU
		{474BA835-2AA2-41DA-9E4E-3767D4734D28}.Release|Any CPU.ActiveCfg = Release|Any CPU
		{474BA835-2AA2-41DA-9E4E-3767D4734D28}.Release|Any CPU.Build.0 = Release|Any CPU
		{45C4B18B-02A9-4BC7-A286-AD366EF20CFC}.Debug|Any CPU.ActiveCfg = Debug|Any CPU
		{45C4B18B-02A9-4BC7-A286-AD366EF20CFC}.Debug|Any CPU.Build.0 = Debug|Any CPU
		{45C4B18B-02A9-4BC7-A286-AD366EF20CFC}.Release|Any CPU.ActiveCfg = Release|Any CPU
		{45C4B18B-02A9-4BC7-A286-AD366EF20CFC}.Release|Any CPU.Build.0 = Release|Any CPU
		{C9C784E8-D4A4-495A-9DED-16B683F0D4F1}.Debug|Any CPU.ActiveCfg = Debug|Any CPU
		{C9C784E8-D4A4-495A-9DED-16B683F0D4F1}.Debug|Any CPU.Build.0 = Debug|Any CPU
		{C9C784E8-D4A4-495A-9DED-16B683F0D4F1}.Release|Any CPU.ActiveCfg = Release|Any CPU
		{C9C784E8-D4A4-495A-9DED-16B683F0D4F1}.Release|Any CPU.Build.0 = Release|Any CPU
		{C26EEC18-1C7F-4CE7-9D59-3D9A1DB06E7B}.Debug|Any CPU.ActiveCfg = Debug|Any CPU
		{C26EEC18-1C7F-4CE7-9D59-3D9A1DB06E7B}.Debug|Any CPU.Build.0 = Debug|Any CPU
		{C26EEC18-1C7F-4CE7-9D59-3D9A1DB06E7B}.Release|Any CPU.ActiveCfg = Release|Any CPU
		{C26EEC18-1C7F-4CE7-9D59-3D9A1DB06E7B}.Release|Any CPU.Build.0 = Release|Any CPU
		{20F143A3-22E1-4722-B8FD-A2C42E336709}.Debug|Any CPU.ActiveCfg = Debug|Any CPU
		{20F143A3-22E1-4722-B8FD-A2C42E336709}.Debug|Any CPU.Build.0 = Debug|Any CPU
		{20F143A3-22E1-4722-B8FD-A2C42E336709}.Release|Any CPU.ActiveCfg = Release|Any CPU
		{20F143A3-22E1-4722-B8FD-A2C42E336709}.Release|Any CPU.Build.0 = Release|Any CPU
		{88C4F522-D4BB-4572-83E9-3BE29BF0346B}.Debug|Any CPU.ActiveCfg = Debug|Any CPU
		{88C4F522-D4BB-4572-83E9-3BE29BF0346B}.Debug|Any CPU.Build.0 = Debug|Any CPU
		{88C4F522-D4BB-4572-83E9-3BE29BF0346B}.Release|Any CPU.ActiveCfg = Release|Any CPU
		{88C4F522-D4BB-4572-83E9-3BE29BF0346B}.Release|Any CPU.Build.0 = Release|Any CPU
		{88AD081A-C736-4095-AB42-ECABFCB7C4ED}.Debug|Any CPU.ActiveCfg = Debug|Any CPU
		{88AD081A-C736-4095-AB42-ECABFCB7C4ED}.Debug|Any CPU.Build.0 = Debug|Any CPU
		{88AD081A-C736-4095-AB42-ECABFCB7C4ED}.Release|Any CPU.ActiveCfg = Release|Any CPU
		{88AD081A-C736-4095-AB42-ECABFCB7C4ED}.Release|Any CPU.Build.0 = Release|Any CPU
		{FA95A624-2222-48C0-AAC9-DD8FBFE114AE}.Debug|Any CPU.ActiveCfg = Debug|Any CPU
		{FA95A624-2222-48C0-AAC9-DD8FBFE114AE}.Debug|Any CPU.Build.0 = Debug|Any CPU
		{FA95A624-2222-48C0-AAC9-DD8FBFE114AE}.Release|Any CPU.ActiveCfg = Release|Any CPU
		{FA95A624-2222-48C0-AAC9-DD8FBFE114AE}.Release|Any CPU.Build.0 = Release|Any CPU
	EndGlobalSection
	GlobalSection(SolutionProperties) = preSolution
		HideSolutionNode = FALSE
	EndGlobalSection
	GlobalSection(NestedProjects) = preSolution
		{0102C1DC-B620-483F-A8AC-04862ECCE88B} = {369DD3B5-E133-4E9D-BB92-033E7D41AEA6}
		{8288946A-850D-48D2-80F7-66BCE8DEB418} = {369DD3B5-E133-4E9D-BB92-033E7D41AEA6}
		{C93AB9E8-B8F4-4966-A66C-7C61F01C251A} = {369DD3B5-E133-4E9D-BB92-033E7D41AEA6}
		{5007CCDD-4891-4FFF-9FE3-5F4DF176C08C} = {E5BD2DD1-FF72-425A-8785-889D3DB5A9A7}
		{D04309B9-6954-492B-BA2C-D36D7CCED5CC} = {E5BD2DD1-FF72-425A-8785-889D3DB5A9A7}
		{31396984-45C1-4E36-B26C-8C7A25C67376} = {E5BD2DD1-FF72-425A-8785-889D3DB5A9A7}
		{A19609AE-2C06-4A9E-845C-DD6B154C3979} = {57F4E728-72E9-43A2-A356-A6887620C916}
		{CA2A881F-1530-448D-8301-7A4F4D5AB625} = {57F4E728-72E9-43A2-A356-A6887620C916}
		{3DBD2D29-17F1-45E2-B68D-A2AC56A4A4BC} = {57F4E728-72E9-43A2-A356-A6887620C916}
		{577DDBCA-2CDD-457A-82F3-EC7AE4D0E13C} = {C1D5621B-9E63-4C8B-A012-051E8D14E70F}
		{474BA835-2AA2-41DA-9E4E-3767D4734D28} = {C1D5621B-9E63-4C8B-A012-051E8D14E70F}
		{45C4B18B-02A9-4BC7-A286-AD366EF20CFC} = {C1D5621B-9E63-4C8B-A012-051E8D14E70F}
		{C9C784E8-D4A4-495A-9DED-16B683F0D4F1} = {6F311FDB-8B93-4DD4-B761-8C9CCDFDEDEF}
		{C26EEC18-1C7F-4CE7-9D59-3D9A1DB06E7B} = {6F311FDB-8B93-4DD4-B761-8C9CCDFDEDEF}
		{20F143A3-22E1-4722-B8FD-A2C42E336709} = {6F311FDB-8B93-4DD4-B761-8C9CCDFDEDEF}
		{88C4F522-D4BB-4572-83E9-3BE29BF0346B} = {888CD83E-FC89-461D-A9AA-23EDBA868518}
		{88AD081A-C736-4095-AB42-ECABFCB7C4ED} = {888CD83E-FC89-461D-A9AA-23EDBA868518}
		{FA95A624-2222-48C0-AAC9-DD8FBFE114AE} = {888CD83E-FC89-461D-A9AA-23EDBA868518}
	EndGlobalSection
	GlobalSection(ExtensibilityGlobals) = postSolution
		SolutionGuid = {B4C59040-3BC2-482F-BA4D-8A6820F901DC}
	EndGlobalSection
EndGlobal
